// !$*UTF8*$!
{
	archiveVersion = 1;
	classes = {
	};
	objectVersion = 50;
	objects = {

/* Begin PBXBuildFile section */
		50530BE824B854270087B314 /* AppDelegate.swift in Sources */ = {isa = PBXBuildFile; fileRef = 50530BE724B854270087B314 /* AppDelegate.swift */; };
		50530BEA24B854270087B314 /* SceneDelegate.swift in Sources */ = {isa = PBXBuildFile; fileRef = 50530BE924B854270087B314 /* SceneDelegate.swift */; };
		50530BEC24B854270087B314 /* ViewController.swift in Sources */ = {isa = PBXBuildFile; fileRef = 50530BEB24B854270087B314 /* ViewController.swift */; };
		50530BEF24B854270087B314 /* Main.storyboard in Resources */ = {isa = PBXBuildFile; fileRef = 50530BED24B854270087B314 /* Main.storyboard */; };
		50530BF124B8542F0087B314 /* Assets.xcassets in Resources */ = {isa = PBXBuildFile; fileRef = 50530BF024B8542F0087B314 /* Assets.xcassets */; };
		50530BF424B8542F0087B314 /* LaunchScreen.storyboard in Resources */ = {isa = PBXBuildFile; fileRef = 50530BF224B8542F0087B314 /* LaunchScreen.storyboard */; };
		50530BFF24B8542F0087B314 /* WikipediaTestTests.swift in Sources */ = {isa = PBXBuildFile; fileRef = 50530BFE24B8542F0087B314 /* WikipediaTestTests.swift */; };
		50530C0A24B8542F0087B314 /* WikipediaTestUITests.swift in Sources */ = {isa = PBXBuildFile; fileRef = 50530C0924B8542F0087B314 /* WikipediaTestUITests.swift */; };
/* End PBXBuildFile section */

/* Begin PBXContainerItemProxy section */
		50530BFB24B8542F0087B314 /* PBXContainerItemProxy */ = {
			isa = PBXContainerItemProxy;
			containerPortal = 50530BDC24B854270087B314 /* Project object */;
			proxyType = 1;
			remoteGlobalIDString = 50530BE324B854270087B314;
			remoteInfo = WikipediaTest;
		};
		50530C0624B8542F0087B314 /* PBXContainerItemProxy */ = {
			isa = PBXContainerItemProxy;
			containerPortal = 50530BDC24B854270087B314 /* Project object */;
			proxyType = 1;
			remoteGlobalIDString = 50530BE324B854270087B314;
			remoteInfo = WikipediaTest;
		};
/* End PBXContainerItemProxy section */

/* Begin PBXFileReference section */
		50530BE424B854270087B314 /* WikipediaTest.app */ = {isa = PBXFileReference; explicitFileType = wrapper.application; includeInIndex = 0; path = WikipediaTest.app; sourceTree = BUILT_PRODUCTS_DIR; };
		50530BE724B854270087B314 /* AppDelegate.swift */ = {isa = PBXFileReference; lastKnownFileType = sourcecode.swift; path = AppDelegate.swift; sourceTree = "<group>"; };
		50530BE924B854270087B314 /* SceneDelegate.swift */ = {isa = PBXFileReference; lastKnownFileType = sourcecode.swift; path = SceneDelegate.swift; sourceTree = "<group>"; };
		50530BEB24B854270087B314 /* ViewController.swift */ = {isa = PBXFileReference; lastKnownFileType = sourcecode.swift; path = ViewController.swift; sourceTree = "<group>"; };
		50530BEE24B854270087B314 /* Base */ = {isa = PBXFileReference; lastKnownFileType = file.storyboard; name = Base; path = Base.lproj/Main.storyboard; sourceTree = "<group>"; };
		50530BF024B8542F0087B314 /* Assets.xcassets */ = {isa = PBXFileReference; lastKnownFileType = folder.assetcatalog; path = Assets.xcassets; sourceTree = "<group>"; };
		50530BF324B8542F0087B314 /* Base */ = {isa = PBXFileReference; lastKnownFileType = file.storyboard; name = Base; path = Base.lproj/LaunchScreen.storyboard; sourceTree = "<group>"; };
		50530BF524B8542F0087B314 /* Info.plist */ = {isa = PBXFileReference; lastKnownFileType = text.plist.xml; path = Info.plist; sourceTree = "<group>"; };
		50530BFA24B8542F0087B314 /* WikipediaTestTests.xctest */ = {isa = PBXFileReference; explicitFileType = wrapper.cfbundle; includeInIndex = 0; path = WikipediaTestTests.xctest; sourceTree = BUILT_PRODUCTS_DIR; };
		50530BFE24B8542F0087B314 /* WikipediaTestTests.swift */ = {isa = PBXFileReference; lastKnownFileType = sourcecode.swift; path = WikipediaTestTests.swift; sourceTree = "<group>"; };
		50530C0024B8542F0087B314 /* Info.plist */ = {isa = PBXFileReference; lastKnownFileType = text.plist.xml; path = Info.plist; sourceTree = "<group>"; };
		50530C0524B8542F0087B314 /* WikipediaTestUITests.xctest */ = {isa = PBXFileReference; explicitFileType = wrapper.cfbundle; includeInIndex = 0; path = WikipediaTestUITests.xctest; sourceTree = BUILT_PRODUCTS_DIR; };
		50530C0924B8542F0087B314 /* WikipediaTestUITests.swift */ = {isa = PBXFileReference; lastKnownFileType = sourcecode.swift; path = WikipediaTestUITests.swift; sourceTree = "<group>"; };
		50530C0B24B8542F0087B314 /* Info.plist */ = {isa = PBXFileReference; lastKnownFileType = text.plist.xml; path = Info.plist; sourceTree = "<group>"; };
/* End PBXFileReference section */

/* Begin PBXFrameworksBuildPhase section */
		50530BE124B854270087B314 /* Frameworks */ = {
			isa = PBXFrameworksBuildPhase;
			buildActionMask = 2147483647;
			files = (
			);
			runOnlyForDeploymentPostprocessing = 0;
		};
		50530BF724B8542F0087B314 /* Frameworks */ = {
			isa = PBXFrameworksBuildPhase;
			buildActionMask = 2147483647;
			files = (
			);
			runOnlyForDeploymentPostprocessing = 0;
		};
		50530C0224B8542F0087B314 /* Frameworks */ = {
			isa = PBXFrameworksBuildPhase;
			buildActionMask = 2147483647;
			files = (
			);
			runOnlyForDeploymentPostprocessing = 0;
		};
/* End PBXFrameworksBuildPhase section */

/* Begin PBXGroup section */
		50530BDB24B854270087B314 = {
			isa = PBXGroup;
			children = (
				50530BE624B854270087B314 /* WikipediaTest */,
				50530BFD24B8542F0087B314 /* WikipediaTestTests */,
				50530C0824B8542F0087B314 /* WikipediaTestUITests */,
				50530BE524B854270087B314 /* Products */,
			);
			sourceTree = "<group>";
		};
		50530BE524B854270087B314 /* Products */ = {
			isa = PBXGroup;
			children = (
				50530BE424B854270087B314 /* WikipediaTest.app */,
				50530BFA24B8542F0087B314 /* WikipediaTestTests.xctest */,
				50530C0524B8542F0087B314 /* WikipediaTestUITests.xctest */,
			);
			name = Products;
			sourceTree = "<group>";
		};
		50530BE624B854270087B314 /* WikipediaTest */ = {
			isa = PBXGroup;
			children = (
				50530BE724B854270087B314 /* AppDelegate.swift */,
				50530BE924B854270087B314 /* SceneDelegate.swift */,
				50530BEB24B854270087B314 /* ViewController.swift */,
				50530BED24B854270087B314 /* Main.storyboard */,
				50530BF024B8542F0087B314 /* Assets.xcassets */,
				50530BF224B8542F0087B314 /* LaunchScreen.storyboard */,
				50530BF524B8542F0087B314 /* Info.plist */,
			);
			path = WikipediaTest;
			sourceTree = "<group>";
		};
		50530BFD24B8542F0087B314 /* WikipediaTestTests */ = {
			isa = PBXGroup;
			children = (
				50530BFE24B8542F0087B314 /* WikipediaTestTests.swift */,
				50530C0024B8542F0087B314 /* Info.plist */,
			);
			path = WikipediaTestTests;
			sourceTree = "<group>";
		};
		50530C0824B8542F0087B314 /* WikipediaTestUITests */ = {
			isa = PBXGroup;
			children = (
				50530C0924B8542F0087B314 /* WikipediaTestUITests.swift */,
				50530C0B24B8542F0087B314 /* Info.plist */,
			);
			path = WikipediaTestUITests;
			sourceTree = "<group>";
		};
/* End PBXGroup section */

/* Begin PBXNativeTarget section */
		50530BE324B854270087B314 /* WikipediaTest */ = {
			isa = PBXNativeTarget;
			buildConfigurationList = 50530C0E24B8542F0087B314 /* Build configuration list for PBXNativeTarget "WikipediaTest" */;
			buildPhases = (
				50530BE024B854270087B314 /* Sources */,
				50530BE124B854270087B314 /* Frameworks */,
				50530BE224B854270087B314 /* Resources */,
			);
			buildRules = (
			);
			dependencies = (
			);
			name = WikipediaTest;
			productName = WikipediaTest;
			productReference = 50530BE424B854270087B314 /* WikipediaTest.app */;
			productType = "com.apple.product-type.application";
		};
		50530BF924B8542F0087B314 /* WikipediaTestTests */ = {
			isa = PBXNativeTarget;
			buildConfigurationList = 50530C1124B8542F0087B314 /* Build configuration list for PBXNativeTarget "WikipediaTestTests" */;
			buildPhases = (
				50530BF624B8542F0087B314 /* Sources */,
				50530BF724B8542F0087B314 /* Frameworks */,
				50530BF824B8542F0087B314 /* Resources */,
			);
			buildRules = (
			);
			dependencies = (
				50530BFC24B8542F0087B314 /* PBXTargetDependency */,
			);
			name = WikipediaTestTests;
			productName = WikipediaTestTests;
			productReference = 50530BFA24B8542F0087B314 /* WikipediaTestTests.xctest */;
			productType = "com.apple.product-type.bundle.unit-test";
		};
		50530C0424B8542F0087B314 /* WikipediaTestUITests */ = {
			isa = PBXNativeTarget;
			buildConfigurationList = 50530C1424B8542F0087B314 /* Build configuration list for PBXNativeTarget "WikipediaTestUITests" */;
			buildPhases = (
				50530C0124B8542F0087B314 /* Sources */,
				50530C0224B8542F0087B314 /* Frameworks */,
				50530C0324B8542F0087B314 /* Resources */,
			);
			buildRules = (
			);
			dependencies = (
				50530C0724B8542F0087B314 /* PBXTargetDependency */,
			);
			name = WikipediaTestUITests;
			productName = WikipediaTestUITests;
			productReference = 50530C0524B8542F0087B314 /* WikipediaTestUITests.xctest */;
			productType = "com.apple.product-type.bundle.ui-testing";
		};
/* End PBXNativeTarget section */

/* Begin PBXProject section */
		50530BDC24B854270087B314 /* Project object */ = {
			isa = PBXProject;
			attributes = {
				LastSwiftUpdateCheck = 1130;
				LastUpgradeCheck = 1130;
				ORGANIZATIONNAME = Tekhsters;
				TargetAttributes = {
					50530BE324B854270087B314 = {
						CreatedOnToolsVersion = 11.3.1;
					};
					50530BF924B8542F0087B314 = {
						CreatedOnToolsVersion = 11.3.1;
						TestTargetID = 50530BE324B854270087B314;
					};
					50530C0424B8542F0087B314 = {
						CreatedOnToolsVersion = 11.3.1;
						TestTargetID = 50530BE324B854270087B314;
					};
				};
			};
			buildConfigurationList = 50530BDF24B854270087B314 /* Build configuration list for PBXProject "WikipediaTest" */;
			compatibilityVersion = "Xcode 9.3";
			developmentRegion = en;
			hasScannedForEncodings = 0;
			knownRegions = (
				en,
				Base,
			);
			mainGroup = 50530BDB24B854270087B314;
			productRefGroup = 50530BE524B854270087B314 /* Products */;
			projectDirPath = "";
			projectRoot = "";
			targets = (
				50530BE324B854270087B314 /* WikipediaTest */,
				50530BF924B8542F0087B314 /* WikipediaTestTests */,
				50530C0424B8542F0087B314 /* WikipediaTestUITests */,
			);
		};
/* End PBXProject section */

/* Begin PBXResourcesBuildPhase section */
		50530BE224B854270087B314 /* Resources */ = {
			isa = PBXResourcesBuildPhase;
			buildActionMask = 2147483647;
			files = (
				50530BF424B8542F0087B314 /* LaunchScreen.storyboard in Resources */,
				50530BF124B8542F0087B314 /* Assets.xcassets in Resources */,
				50530BEF24B854270087B314 /* Main.storyboard in Resources */,
			);
			runOnlyForDeploymentPostprocessing = 0;
		};
		50530BF824B8542F0087B314 /* Resources */ = {
			isa = PBXResourcesBuildPhase;
			buildActionMask = 2147483647;
			files = (
			);
			runOnlyForDeploymentPostprocessing = 0;
		};
		50530C0324B8542F0087B314 /* Resources */ = {
			isa = PBXResourcesBuildPhase;
			buildActionMask = 2147483647;
			files = (
			);
			runOnlyForDeploymentPostprocessing = 0;
		};
/* End PBXResourcesBuildPhase section */

/* Begin PBXSourcesBuildPhase section */
		50530BE024B854270087B314 /* Sources */ = {
			isa = PBXSourcesBuildPhase;
			buildActionMask = 2147483647;
			files = (
				50530BEC24B854270087B314 /* ViewController.swift in Sources */,
				50530BE824B854270087B314 /* AppDelegate.swift in Sources */,
				50530BEA24B854270087B314 /* SceneDelegate.swift in Sources */,
			);
			runOnlyForDeploymentPostprocessing = 0;
		};
		50530BF624B8542F0087B314 /* Sources */ = {
			isa = PBXSourcesBuildPhase;
			buildActionMask = 2147483647;
			files = (
				50530BFF24B8542F0087B314 /* WikipediaTestTests.swift in Sources */,
			);
			runOnlyForDeploymentPostprocessing = 0;
		};
		50530C0124B8542F0087B314 /* Sources */ = {
			isa = PBXSourcesBuildPhase;
			buildActionMask = 2147483647;
			files = (
				50530C0A24B8542F0087B314 /* WikipediaTestUITests.swift in Sources */,
			);
			runOnlyForDeploymentPostprocessing = 0;
		};
/* End PBXSourcesBuildPhase section */

/* Begin PBXTargetDependency section */
		50530BFC24B8542F0087B314 /* PBXTargetDependency */ = {
			isa = PBXTargetDependency;
			target = 50530BE324B854270087B314 /* WikipediaTest */;
			targetProxy = 50530BFB24B8542F0087B314 /* PBXContainerItemProxy */;
		};
		50530C0724B8542F0087B314 /* PBXTargetDependency */ = {
			isa = PBXTargetDependency;
			target = 50530BE324B854270087B314 /* WikipediaTest */;
			targetProxy = 50530C0624B8542F0087B314 /* PBXContainerItemProxy */;
		};
/* End PBXTargetDependency section */

/* Begin PBXVariantGroup section */
		50530BED24B854270087B314 /* Main.storyboard */ = {
			isa = PBXVariantGroup;
			children = (
				50530BEE24B854270087B314 /* Base */,
			);
			name = Main.storyboard;
			sourceTree = "<group>";
		};
		50530BF224B8542F0087B314 /* LaunchScreen.storyboard */ = {
			isa = PBXVariantGroup;
			children = (
				50530BF324B8542F0087B314 /* Base */,
			);
			name = LaunchScreen.storyboard;
			sourceTree = "<group>";
		};
/* End PBXVariantGroup section */

/* Begin XCBuildConfiguration section */
		50530C0C24B8542F0087B314 /* Debug */ = {
			isa = XCBuildConfiguration;
			buildSettings = {
				ALWAYS_SEARCH_USER_PATHS = NO;
				CLANG_ANALYZER_NONNULL = YES;
				CLANG_ANALYZER_NUMBER_OBJECT_CONVERSION = YES_AGGRESSIVE;
				CLANG_CXX_LANGUAGE_STANDARD = "gnu++14";
				CLANG_CXX_LIBRARY = "libc++";
				CLANG_ENABLE_MODULES = YES;
				CLANG_ENABLE_OBJC_ARC = YES;
				CLANG_ENABLE_OBJC_WEAK = YES;
				CLANG_WARN_BLOCK_CAPTURE_AUTORELEASING = YES;
				CLANG_WARN_BOOL_CONVERSION = YES;
				CLANG_WARN_COMMA = YES;
				CLANG_WARN_CONSTANT_CONVERSION = YES;
				CLANG_WARN_DEPRECATED_OBJC_IMPLEMENTATIONS = YES;
				CLANG_WARN_DIRECT_OBJC_ISA_USAGE = YES_ERROR;
				CLANG_WARN_DOCUMENTATION_COMMENTS = YES;
				CLANG_WARN_EMPTY_BODY = YES;
				CLANG_WARN_ENUM_CONVERSION = YES;
				CLANG_WARN_INFINITE_RECURSION = YES;
				CLANG_WARN_INT_CONVERSION = YES;
				CLANG_WARN_NON_LITERAL_NULL_CONVERSION = YES;
				CLANG_WARN_OBJC_IMPLICIT_RETAIN_SELF = YES;
				CLANG_WARN_OBJC_LITERAL_CONVERSION = YES;
				CLANG_WARN_OBJC_ROOT_CLASS = YES_ERROR;
				CLANG_WARN_RANGE_LOOP_ANALYSIS = YES;
				CLANG_WARN_STRICT_PROTOTYPES = YES;
				CLANG_WARN_SUSPICIOUS_MOVE = YES;
				CLANG_WARN_UNGUARDED_AVAILABILITY = YES_AGGRESSIVE;
				CLANG_WARN_UNREACHABLE_CODE = YES;
				CLANG_WARN__DUPLICATE_METHOD_MATCH = YES;
				COPY_PHASE_STRIP = NO;
				DEBUG_INFORMATION_FORMAT = dwarf;
				ENABLE_STRICT_OBJC_MSGSEND = YES;
				ENABLE_TESTABILITY = YES;
				GCC_C_LANGUAGE_STANDARD = gnu11;
				GCC_DYNAMIC_NO_PIC = NO;
				GCC_NO_COMMON_BLOCKS = YES;
				GCC_OPTIMIZATION_LEVEL = 0;
				GCC_PREPROCESSOR_DEFINITIONS = (
					"DEBUG=1",
					"$(inherited)",
				);
				GCC_WARN_64_TO_32_BIT_CONVERSION = YES;
				GCC_WARN_ABOUT_RETURN_TYPE = YES_ERROR;
				GCC_WARN_UNDECLARED_SELECTOR = YES;
				GCC_WARN_UNINITIALIZED_AUTOS = YES_AGGRESSIVE;
				GCC_WARN_UNUSED_FUNCTION = YES;
				GCC_WARN_UNUSED_VARIABLE = YES;
				IPHONEOS_DEPLOYMENT_TARGET = 13.2;
				MTL_ENABLE_DEBUG_INFO = INCLUDE_SOURCE;
				MTL_FAST_MATH = YES;
				ONLY_ACTIVE_ARCH = YES;
				SDKROOT = iphoneos;
				SWIFT_ACTIVE_COMPILATION_CONDITIONS = DEBUG;
				SWIFT_OPTIMIZATION_LEVEL = "-Onone";
			};
			name = Debug;
		};
		50530C0D24B8542F0087B314 /* Release */ = {
			isa = XCBuildConfiguration;
			buildSettings = {
				ALWAYS_SEARCH_USER_PATHS = NO;
				CLANG_ANALYZER_NONNULL = YES;
				CLANG_ANALYZER_NUMBER_OBJECT_CONVERSION = YES_AGGRESSIVE;
				CLANG_CXX_LANGUAGE_STANDARD = "gnu++14";
				CLANG_CXX_LIBRARY = "libc++";
				CLANG_ENABLE_MODULES = YES;
				CLANG_ENABLE_OBJC_ARC = YES;
				CLANG_ENABLE_OBJC_WEAK = YES;
				CLANG_WARN_BLOCK_CAPTURE_AUTORELEASING = YES;
				CLANG_WARN_BOOL_CONVERSION = YES;
				CLANG_WARN_COMMA = YES;
				CLANG_WARN_CONSTANT_CONVERSION = YES;
				CLANG_WARN_DEPRECATED_OBJC_IMPLEMENTATIONS = YES;
				CLANG_WARN_DIRECT_OBJC_ISA_USAGE = YES_ERROR;
				CLANG_WARN_DOCUMENTATION_COMMENTS = YES;
				CLANG_WARN_EMPTY_BODY = YES;
				CLANG_WARN_ENUM_CONVERSION = YES;
				CLANG_WARN_INFINITE_RECURSION = YES;
				CLANG_WARN_INT_CONVERSION = YES;
				CLANG_WARN_NON_LITERAL_NULL_CONVERSION = YES;
				CLANG_WARN_OBJC_IMPLICIT_RETAIN_SELF = YES;
				CLANG_WARN_OBJC_LITERAL_CONVERSION = YES;
				CLANG_WARN_OBJC_ROOT_CLASS = YES_ERROR;
				CLANG_WARN_RANGE_LOOP_ANALYSIS = YES;
				CLANG_WARN_STRICT_PROTOTYPES = YES;
				CLANG_WARN_SUSPICIOUS_MOVE = YES;
				CLANG_WARN_UNGUARDED_AVAILABILITY = YES_AGGRESSIVE;
				CLANG_WARN_UNREACHABLE_CODE = YES;
				CLANG_WARN__DUPLICATE_METHOD_MATCH = YES;
				COPY_PHASE_STRIP = NO;
				DEBUG_INFORMATION_FORMAT = "dwarf-with-dsym";
				ENABLE_NS_ASSERTIONS = NO;
				ENABLE_STRICT_OBJC_MSGSEND = YES;
				GCC_C_LANGUAGE_STANDARD = gnu11;
				GCC_NO_COMMON_BLOCKS = YES;
				GCC_WARN_64_TO_32_BIT_CONVERSION = YES;
				GCC_WARN_ABOUT_RETURN_TYPE = YES_ERROR;
				GCC_WARN_UNDECLARED_SELECTOR = YES;
				GCC_WARN_UNINITIALIZED_AUTOS = YES_AGGRESSIVE;
				GCC_WARN_UNUSED_FUNCTION = YES;
				GCC_WARN_UNUSED_VARIABLE = YES;
				IPHONEOS_DEPLOYMENT_TARGET = 13.2;
				MTL_ENABLE_DEBUG_INFO = NO;
				MTL_FAST_MATH = YES;
				SDKROOT = iphoneos;
				SWIFT_COMPILATION_MODE = wholemodule;
				SWIFT_OPTIMIZATION_LEVEL = "-O";
				VALIDATE_PRODUCT = YES;
			};
			name = Release;
		};
		50530C0F24B8542F0087B314 /* Debug */ = {
			isa = XCBuildConfiguration;
			buildSettings = {
				ASSETCATALOG_COMPILER_APPICON_NAME = AppIcon;
				CODE_SIGN_STYLE = Automatic;
				DEVELOPMENT_TEAM = Q2T3RV5999;
				INFOPLIST_FILE = WikipediaTest/Info.plist;
				LD_RUNPATH_SEARCH_PATHS = (
					"$(inherited)",
					"@executable_path/Frameworks",
				);
				PRODUCT_BUNDLE_IDENTIFIER = Tekhsters.WikipediaTest;
				PRODUCT_NAME = "$(TARGET_NAME)";
				SWIFT_VERSION = 5.0;
				TARGETED_DEVICE_FAMILY = "1,2";
			};
			name = Debug;
		};
		50530C1024B8542F0087B314 /* Release */ = {
			isa = XCBuildConfiguration;
			buildSettings = {
				ASSETCATALOG_COMPILER_APPICON_NAME = AppIcon;
				CODE_SIGN_STYLE = Automatic;
				DEVELOPMENT_TEAM = Q2T3RV5999;
				INFOPLIST_FILE = WikipediaTest/Info.plist;
				LD_RUNPATH_SEARCH_PATHS = (
					"$(inherited)",
					"@executable_path/Frameworks",
				);
				PRODUCT_BUNDLE_IDENTIFIER = Tekhsters.WikipediaTest;
				PRODUCT_NAME = "$(TARGET_NAME)";
				SWIFT_VERSION = 5.0;
				TARGETED_DEVICE_FAMILY = "1,2";
			};
			name = Release;
		};
		50530C1224B8542F0087B314 /* Debug */ = {
			isa = XCBuildConfiguration;
			buildSettings = {
				ALWAYS_EMBED_SWIFT_STANDARD_LIBRARIES = YES;
				BUNDLE_LOADER = "$(TEST_HOST)";
				CODE_SIGN_STYLE = Automatic;
				DEVELOPMENT_TEAM = Q2T3RV5999;
				INFOPLIST_FILE = WikipediaTestTests/Info.plist;
				IPHONEOS_DEPLOYMENT_TARGET = 13.2;
				LD_RUNPATH_SEARCH_PATHS = (
					"$(inherited)",
					"@executable_path/Frameworks",
					"@loader_path/Frameworks",
				);
				PRODUCT_BUNDLE_IDENTIFIER = Tekhsters.WikipediaTestTests;
				PRODUCT_NAME = "$(TARGET_NAME)";
				SWIFT_VERSION = 5.0;
				TARGETED_DEVICE_FAMILY = "1,2";
				TEST_HOST = "$(BUILT_PRODUCTS_DIR)/WikipediaTest.app/WikipediaTest";
			};
			name = Debug;
		};
		50530C1324B8542F0087B314 /* Release */ = {
			isa = XCBuildConfiguration;
			buildSettings = {
				ALWAYS_EMBED_SWIFT_STANDARD_LIBRARIES = YES;
				BUNDLE_LOADER = "$(TEST_HOST)";
				CODE_SIGN_STYLE = Automatic;
				DEVELOPMENT_TEAM = Q2T3RV5999;
				INFOPLIST_FILE = WikipediaTestTests/Info.plist;
				IPHONEOS_DEPLOYMENT_TARGET = 13.2;
				LD_RUNPATH_SEARCH_PATHS = (
					"$(inherited)",
					"@executable_path/Frameworks",
					"@loader_path/Frameworks",
				);
				PRODUCT_BUNDLE_IDENTIFIER = Tekhsters.WikipediaTestTests;
				PRODUCT_NAME = "$(TARGET_NAME)";
				SWIFT_VERSION = 5.0;
				TARGETED_DEVICE_FAMILY = "1,2";
				TEST_HOST = "$(BUILT_PRODUCTS_DIR)/WikipediaTest.app/WikipediaTest";
			};
			name = Release;
		};
		50530C1524B8542F0087B314 /* Debug */ = {
			isa = XCBuildConfiguration;
			buildSettings = {
				ALWAYS_EMBED_SWIFT_STANDARD_LIBRARIES = YES;
				CODE_SIGN_STYLE = Automatic;
				DEVELOPMENT_TEAM = Q2T3RV5999;
				INFOPLIST_FILE = WikipediaTestUITests/Info.plist;
				LD_RUNPATH_SEARCH_PATHS = (
					"$(inherited)",
					"@executable_path/Frameworks",
					"@loader_path/Frameworks",
				);
				PRODUCT_BUNDLE_IDENTIFIER = Tekhsters.WikipediaTestUITests;
				PRODUCT_NAME = "$(TARGET_NAME)";
				SWIFT_VERSION = 5.0;
				TARGETED_DEVICE_FAMILY = "1,2";
				TEST_TARGET_NAME = WikipediaTest;
			};
			name = Debug;
		};
		50530C1624B8542F0087B314 /* Release */ = {
			isa = XCBuildConfiguration;
			buildSettings = {
				ALWAYS_EMBED_SWIFT_STANDARD_LIBRARIES = YES;
				CODE_SIGN_STYLE = Automatic;
				DEVELOPMENT_TEAM = Q2T3RV5999;
				INFOPLIST_FILE = WikipediaTestUITests/Info.plist;
				LD_RUNPATH_SEARCH_PATHS = (
					"$(inherited)",
					"@executable_path/Frameworks",
					"@loader_path/Frameworks",
				);
				PRODUCT_BUNDLE_IDENTIFIER = Tekhsters.WikipediaTestUITests;
				PRODUCT_NAME = "$(TARGET_NAME)";
				SWIFT_VERSION = 5.0;
				TARGETED_DEVICE_FAMILY = "1,2";
				TEST_TARGET_NAME = WikipediaTest;
			};
			name = Release;
		};
/* End XCBuildConfiguration section */

/* Begin XCConfigurationList section */
		50530BDF24B854270087B314 /* Build configuration list for PBXProject "WikipediaTest" */ = {
			isa = XCConfigurationList;
			buildConfigurations = (
				50530C0C24B8542F0087B314 /* Debug */,
				50530C0D24B8542F0087B314 /* Release */,
			);
			defaultConfigurationIsVisible = 0;
			defaultConfigurationName = Release;
		};
		50530C0E24B8542F0087B314 /* Build configuration list for PBXNativeTarget "WikipediaTest" */ = {
			isa = XCConfigurationList;
			buildConfigurations = (
				50530C0F24B8542F0087B314 /* Debug */,
				50530C1024B8542F0087B314 /* Release */,
			);
			defaultConfigurationIsVisible = 0;
			defaultConfigurationName = Release;
		};
		50530C1124B8542F0087B314 /* Build configuration list for PBXNativeTarget "WikipediaTestTests" */ = {
			isa = XCConfigurationList;
			buildConfigurations = (
				50530C1224B8542F0087B314 /* Debug */,
				50530C1324B8542F0087B314 /* Release */,
			);
			defaultConfigurationIsVisible = 0;
			defaultConfigurationName = Release;
		};
		50530C1424B8542F0087B314 /* Build configuration list for PBXNativeTarget "WikipediaTestUITests" */ = {
			isa = XCConfigurationList;
			buildConfigurations = (
				50530C1524B8542F0087B314 /* Debug */,
				50530C1624B8542F0087B314 /* Release */,
			);
			defaultConfigurationIsVisible = 0;
			defaultConfigurationName = Release;
		};
/* End XCConfigurationList section */
	};
	rootObject = 50530BDC24B854270087B314 /* Project object */;
}
